// !$*UTF8*$!
{
	archiveVersion = 1;
	classes = {
	};
	objectVersion = 50;
	objects = {

/* Begin PBXBuildFile section */
		CEB501D824C4723400DAF284 /* FoodTracker.xcdatamodeld in Sources */ = {isa = PBXBuildFile; fileRef = CEB501D624C4723400DAF284 /* FoodTracker.xcdatamodeld */; };
		CEB501DA24C473AD00DAF284 /* MealDAO.swift in Sources */ = {isa = PBXBuildFile; fileRef = CEB501D924C473AD00DAF284 /* MealDAO.swift */; };
		CEB9C8A424BD30D100219462 /* AppDelegate.swift in Sources */ = {isa = PBXBuildFile; fileRef = CEB9C8A324BD30D100219462 /* AppDelegate.swift */; };
		CEB9C8A624BD30D100219462 /* SceneDelegate.swift in Sources */ = {isa = PBXBuildFile; fileRef = CEB9C8A524BD30D100219462 /* SceneDelegate.swift */; };
		CEB9C8A824BD30D100219462 /* MealViewController.swift in Sources */ = {isa = PBXBuildFile; fileRef = CEB9C8A724BD30D100219462 /* MealViewController.swift */; };
		CEB9C8AB24BD30D100219462 /* Main.storyboard in Resources */ = {isa = PBXBuildFile; fileRef = CEB9C8A924BD30D100219462 /* Main.storyboard */; };
		CEB9C8AD24BD30D200219462 /* Assets.xcassets in Resources */ = {isa = PBXBuildFile; fileRef = CEB9C8AC24BD30D200219462 /* Assets.xcassets */; };
		CEB9C8B024BD30D200219462 /* LaunchScreen.storyboard in Resources */ = {isa = PBXBuildFile; fileRef = CEB9C8AE24BD30D200219462 /* LaunchScreen.storyboard */; };
		CEB9C8BB24BD30D200219462 /* FoodTrackerTests.swift in Sources */ = {isa = PBXBuildFile; fileRef = CEB9C8BA24BD30D200219462 /* FoodTrackerTests.swift */; };
		CEB9C8C624BD30D200219462 /* FoodTrackerUITests.swift in Sources */ = {isa = PBXBuildFile; fileRef = CEB9C8C524BD30D200219462 /* FoodTrackerUITests.swift */; };
		CEB9C8D424BD53FD00219462 /* RatingControl.swift in Sources */ = {isa = PBXBuildFile; fileRef = CEB9C8D324BD53FD00219462 /* RatingControl.swift */; };
		CEB9C8D624BD8F0C00219462 /* Meal.swift in Sources */ = {isa = PBXBuildFile; fileRef = CEB9C8D524BD8F0C00219462 /* Meal.swift */; };
		CEB9C8D824BD9B1600219462 /* MealTableViewCell.swift in Sources */ = {isa = PBXBuildFile; fileRef = CEB9C8D724BD9B1600219462 /* MealTableViewCell.swift */; };
		CEB9C8DA24BDA0A400219462 /* MealTableViewController.swift in Sources */ = {isa = PBXBuildFile; fileRef = CEB9C8D924BDA0A400219462 /* MealTableViewController.swift */; };
/* End PBXBuildFile section */

/* Begin PBXContainerItemProxy section */
		CEB9C8B724BD30D200219462 /* PBXContainerItemProxy */ = {
			isa = PBXContainerItemProxy;
			containerPortal = CEB9C89824BD30D100219462 /* Project object */;
			proxyType = 1;
			remoteGlobalIDString = CEB9C89F24BD30D100219462;
			remoteInfo = FoodTracker;
		};
		CEB9C8C224BD30D200219462 /* PBXContainerItemProxy */ = {
			isa = PBXContainerItemProxy;
			containerPortal = CEB9C89824BD30D100219462 /* Project object */;
			proxyType = 1;
			remoteGlobalIDString = CEB9C89F24BD30D100219462;
			remoteInfo = FoodTracker;
		};
/* End PBXContainerItemProxy section */

/* Begin PBXFileReference section */
		CEB501D724C4723400DAF284 /* FoodTracker.xcdatamodel */ = {isa = PBXFileReference; lastKnownFileType = wrapper.xcdatamodel; path = FoodTracker.xcdatamodel; sourceTree = "<group>"; };
		CEB501D924C473AD00DAF284 /* MealDAO.swift */ = {isa = PBXFileReference; lastKnownFileType = sourcecode.swift; path = MealDAO.swift; sourceTree = "<group>"; };
		CEB9C8A024BD30D100219462 /* FoodTracker.app */ = {isa = PBXFileReference; explicitFileType = wrapper.application; includeInIndex = 0; path = FoodTracker.app; sourceTree = BUILT_PRODUCTS_DIR; };
		CEB9C8A324BD30D100219462 /* AppDelegate.swift */ = {isa = PBXFileReference; lastKnownFileType = sourcecode.swift; path = AppDelegate.swift; sourceTree = "<group>"; };
		CEB9C8A524BD30D100219462 /* SceneDelegate.swift */ = {isa = PBXFileReference; lastKnownFileType = sourcecode.swift; path = SceneDelegate.swift; sourceTree = "<group>"; };
		CEB9C8A724BD30D100219462 /* MealViewController.swift */ = {isa = PBXFileReference; lastKnownFileType = sourcecode.swift; path = MealViewController.swift; sourceTree = "<group>"; };
		CEB9C8AA24BD30D100219462 /* Base */ = {isa = PBXFileReference; lastKnownFileType = file.storyboard; name = Base; path = Base.lproj/Main.storyboard; sourceTree = "<group>"; };
		CEB9C8AC24BD30D200219462 /* Assets.xcassets */ = {isa = PBXFileReference; lastKnownFileType = folder.assetcatalog; path = Assets.xcassets; sourceTree = "<group>"; };
		CEB9C8AF24BD30D200219462 /* Base */ = {isa = PBXFileReference; lastKnownFileType = file.storyboard; name = Base; path = Base.lproj/LaunchScreen.storyboard; sourceTree = "<group>"; };
		CEB9C8B124BD30D200219462 /* Info.plist */ = {isa = PBXFileReference; lastKnownFileType = text.plist.xml; path = Info.plist; sourceTree = "<group>"; };
		CEB9C8B624BD30D200219462 /* FoodTrackerTests.xctest */ = {isa = PBXFileReference; explicitFileType = wrapper.cfbundle; includeInIndex = 0; path = FoodTrackerTests.xctest; sourceTree = BUILT_PRODUCTS_DIR; };
		CEB9C8BA24BD30D200219462 /* FoodTrackerTests.swift */ = {isa = PBXFileReference; lastKnownFileType = sourcecode.swift; path = FoodTrackerTests.swift; sourceTree = "<group>"; };
		CEB9C8BC24BD30D200219462 /* Info.plist */ = {isa = PBXFileReference; lastKnownFileType = text.plist.xml; path = Info.plist; sourceTree = "<group>"; };
		CEB9C8C124BD30D200219462 /* FoodTrackerUITests.xctest */ = {isa = PBXFileReference; explicitFileType = wrapper.cfbundle; includeInIndex = 0; path = FoodTrackerUITests.xctest; sourceTree = BUILT_PRODUCTS_DIR; };
		CEB9C8C524BD30D200219462 /* FoodTrackerUITests.swift */ = {isa = PBXFileReference; lastKnownFileType = sourcecode.swift; path = FoodTrackerUITests.swift; sourceTree = "<group>"; };
		CEB9C8C724BD30D200219462 /* Info.plist */ = {isa = PBXFileReference; lastKnownFileType = text.plist.xml; path = Info.plist; sourceTree = "<group>"; };
		CEB9C8D324BD53FD00219462 /* RatingControl.swift */ = {isa = PBXFileReference; lastKnownFileType = sourcecode.swift; path = RatingControl.swift; sourceTree = "<group>"; };
		CEB9C8D524BD8F0C00219462 /* Meal.swift */ = {isa = PBXFileReference; lastKnownFileType = sourcecode.swift; path = Meal.swift; sourceTree = "<group>"; };
		CEB9C8D724BD9B1600219462 /* MealTableViewCell.swift */ = {isa = PBXFileReference; lastKnownFileType = sourcecode.swift; path = MealTableViewCell.swift; sourceTree = "<group>"; };
		CEB9C8D924BDA0A400219462 /* MealTableViewController.swift */ = {isa = PBXFileReference; lastKnownFileType = sourcecode.swift; path = MealTableViewController.swift; sourceTree = "<group>"; };
/* End PBXFileReference section */

/* Begin PBXFrameworksBuildPhase section */
		CEB9C89D24BD30D100219462 /* Frameworks */ = {
			isa = PBXFrameworksBuildPhase;
			buildActionMask = 2147483647;
			files = (
			);
			runOnlyForDeploymentPostprocessing = 0;
		};
		CEB9C8B324BD30D200219462 /* Frameworks */ = {
			isa = PBXFrameworksBuildPhase;
			buildActionMask = 2147483647;
			files = (
			);
			runOnlyForDeploymentPostprocessing = 0;
		};
		CEB9C8BE24BD30D200219462 /* Frameworks */ = {
			isa = PBXFrameworksBuildPhase;
			buildActionMask = 2147483647;
			files = (
			);
			runOnlyForDeploymentPostprocessing = 0;
		};
/* End PBXFrameworksBuildPhase section */

/* Begin PBXGroup section */
		CEB9C89724BD30D100219462 = {
			isa = PBXGroup;
			children = (
				CEB9C8A224BD30D100219462 /* FoodTracker */,
				CEB9C8B924BD30D200219462 /* FoodTrackerTests */,
				CEB9C8C424BD30D200219462 /* FoodTrackerUITests */,
				CEB9C8A124BD30D100219462 /* Products */,
			);
			sourceTree = "<group>";
		};
		CEB9C8A124BD30D100219462 /* Products */ = {
			isa = PBXGroup;
			children = (
				CEB9C8A024BD30D100219462 /* FoodTracker.app */,
				CEB9C8B624BD30D200219462 /* FoodTrackerTests.xctest */,
				CEB9C8C124BD30D200219462 /* FoodTrackerUITests.xctest */,
			);
			name = Products;
			sourceTree = "<group>";
		};
		CEB9C8A224BD30D100219462 /* FoodTracker */ = {
			isa = PBXGroup;
			children = (
				CEB9C8A324BD30D100219462 /* AppDelegate.swift */,
				CEB501D624C4723400DAF284 /* FoodTracker.xcdatamodeld */,
				CEB9C8A524BD30D100219462 /* SceneDelegate.swift */,
				CEB9C8D324BD53FD00219462 /* RatingControl.swift */,
				CEB9C8D524BD8F0C00219462 /* Meal.swift */,
				CEB501D924C473AD00DAF284 /* MealDAO.swift */,
				CEB9C8D724BD9B1600219462 /* MealTableViewCell.swift */,
				CEB9C8A724BD30D100219462 /* MealViewController.swift */,
				CEB9C8D924BDA0A400219462 /* MealTableViewController.swift */,
				CEB9C8A924BD30D100219462 /* Main.storyboard */,
				CEB9C8AC24BD30D200219462 /* Assets.xcassets */,
				CEB9C8AE24BD30D200219462 /* LaunchScreen.storyboard */,
				CEB9C8B124BD30D200219462 /* Info.plist */,
			);
			path = FoodTracker;
			sourceTree = "<group>";
		};
		CEB9C8B924BD30D200219462 /* FoodTrackerTests */ = {
			isa = PBXGroup;
			children = (
				CEB9C8BA24BD30D200219462 /* FoodTrackerTests.swift */,
				CEB9C8BC24BD30D200219462 /* Info.plist */,
			);
			path = FoodTrackerTests;
			sourceTree = "<group>";
		};
		CEB9C8C424BD30D200219462 /* FoodTrackerUITests */ = {
			isa = PBXGroup;
			children = (
				CEB9C8C524BD30D200219462 /* FoodTrackerUITests.swift */,
				CEB9C8C724BD30D200219462 /* Info.plist */,
			);
			path = FoodTrackerUITests;
			sourceTree = "<group>";
		};
/* End PBXGroup section */

/* Begin PBXNativeTarget section */
		CEB9C89F24BD30D100219462 /* FoodTracker */ = {
			isa = PBXNativeTarget;
			buildConfigurationList = CEB9C8CA24BD30D200219462 /* Build configuration list for PBXNativeTarget "FoodTracker" */;
			buildPhases = (
				CEB9C89C24BD30D100219462 /* Sources */,
				CEB9C89D24BD30D100219462 /* Frameworks */,
				CEB9C89E24BD30D100219462 /* Resources */,
			);
			buildRules = (
			);
			dependencies = (
			);
			name = FoodTracker;
			productName = FoodTracker;
			productReference = CEB9C8A024BD30D100219462 /* FoodTracker.app */;
			productType = "com.apple.product-type.application";
		};
		CEB9C8B524BD30D200219462 /* FoodTrackerTests */ = {
			isa = PBXNativeTarget;
			buildConfigurationList = CEB9C8CD24BD30D200219462 /* Build configuration list for PBXNativeTarget "FoodTrackerTests" */;
			buildPhases = (
				CEB9C8B224BD30D200219462 /* Sources */,
				CEB9C8B324BD30D200219462 /* Frameworks */,
				CEB9C8B424BD30D200219462 /* Resources */,
			);
			buildRules = (
			);
			dependencies = (
				CEB9C8B824BD30D200219462 /* PBXTargetDependency */,
			);
			name = FoodTrackerTests;
			productName = FoodTrackerTests;
			productReference = CEB9C8B624BD30D200219462 /* FoodTrackerTests.xctest */;
			productType = "com.apple.product-type.bundle.unit-test";
		};
		CEB9C8C024BD30D200219462 /* FoodTrackerUITests */ = {
			isa = PBXNativeTarget;
			buildConfigurationList = CEB9C8D024BD30D200219462 /* Build configuration list for PBXNativeTarget "FoodTrackerUITests" */;
			buildPhases = (
				CEB9C8BD24BD30D200219462 /* Sources */,
				CEB9C8BE24BD30D200219462 /* Frameworks */,
				CEB9C8BF24BD30D200219462 /* Resources */,
			);
			buildRules = (
			);
			dependencies = (
				CEB9C8C324BD30D200219462 /* PBXTargetDependency */,
			);
			name = FoodTrackerUITests;
			productName = FoodTrackerUITests;
			productReference = CEB9C8C124BD30D200219462 /* FoodTrackerUITests.xctest */;
			productType = "com.apple.product-type.bundle.ui-testing";
		};
/* End PBXNativeTarget section */

/* Begin PBXProject section */
		CEB9C89824BD30D100219462 /* Project object */ = {
			isa = PBXProject;
			attributes = {
				LastSwiftUpdateCheck = 1130;
				LastUpgradeCheck = 1130;
				ORGANIZATIONNAME = USER;
				TargetAttributes = {
					CEB9C89F24BD30D100219462 = {
						CreatedOnToolsVersion = 11.3.1;
					};
					CEB9C8B524BD30D200219462 = {
						CreatedOnToolsVersion = 11.3.1;
						TestTargetID = CEB9C89F24BD30D100219462;
					};
					CEB9C8C024BD30D200219462 = {
						CreatedOnToolsVersion = 11.3.1;
						TestTargetID = CEB9C89F24BD30D100219462;
					};
				};
			};
			buildConfigurationList = CEB9C89B24BD30D100219462 /* Build configuration list for PBXProject "FoodTracker" */;
			compatibilityVersion = "Xcode 9.3";
			developmentRegion = en;
			hasScannedForEncodings = 0;
			knownRegions = (
				en,
				Base,
			);
			mainGroup = CEB9C89724BD30D100219462;
			productRefGroup = CEB9C8A124BD30D100219462 /* Products */;
			projectDirPath = "";
			projectRoot = "";
			targets = (
				CEB9C89F24BD30D100219462 /* FoodTracker */,
				CEB9C8B524BD30D200219462 /* FoodTrackerTests */,
				CEB9C8C024BD30D200219462 /* FoodTrackerUITests */,
			);
		};
/* End PBXProject section */

/* Begin PBXResourcesBuildPhase section */
		CEB9C89E24BD30D100219462 /* Resources */ = {
			isa = PBXResourcesBuildPhase;
			buildActionMask = 2147483647;
			files = (
				CEB9C8B024BD30D200219462 /* LaunchScreen.storyboard in Resources */,
				CEB9C8AD24BD30D200219462 /* Assets.xcassets in Resources */,
				CEB9C8AB24BD30D100219462 /* Main.storyboard in Resources */,
			);
			runOnlyForDeploymentPostprocessing = 0;
		};
		CEB9C8B424BD30D200219462 /* Resources */ = {
			isa = PBXResourcesBuildPhase;
			buildActionMask = 2147483647;
			files = (
			);
			runOnlyForDeploymentPostprocessing = 0;
		};
		CEB9C8BF24BD30D200219462 /* Resources */ = {
			isa = PBXResourcesBuildPhase;
			buildActionMask = 2147483647;
			files = (
			);
			runOnlyForDeploymentPostprocessing = 0;
		};
/* End PBXResourcesBuildPhase section */

/* Begin PBXSourcesBuildPhase section */
		CEB9C89C24BD30D100219462 /* Sources */ = {
			isa = PBXSourcesBuildPhase;
			buildActionMask = 2147483647;
			files = (
				CEB9C8D624BD8F0C00219462 /* Meal.swift in Sources */,
				CEB9C8D424BD53FD00219462 /* RatingControl.swift in Sources */,
				CEB9C8DA24BDA0A400219462 /* MealTableViewController.swift in Sources */,
				CEB501DA24C473AD00DAF284 /* MealDAO.swift in Sources */,
				CEB9C8D824BD9B1600219462 /* MealTableViewCell.swift in Sources */,
				CEB501D824C4723400DAF284 /* FoodTracker.xcdatamodeld in Sources */,
				CEB9C8A824BD30D100219462 /* MealViewController.swift in Sources */,
				CEB9C8A424BD30D100219462 /* AppDelegate.swift in Sources */,
				CEB9C8A624BD30D100219462 /* SceneDelegate.swift in Sources */,
			);
			runOnlyForDeploymentPostprocessing = 0;
		};
		CEB9C8B224BD30D200219462 /* Sources */ = {
			isa = PBXSourcesBuildPhase;
			buildActionMask = 2147483647;
			files = (
				CEB9C8BB24BD30D200219462 /* FoodTrackerTests.swift in Sources */,
			);
			runOnlyForDeploymentPostprocessing = 0;
		};
		CEB9C8BD24BD30D200219462 /* Sources */ = {
			isa = PBXSourcesBuildPhase;
			buildActionMask = 2147483647;
			files = (
				CEB9C8C624BD30D200219462 /* FoodTrackerUITests.swift in Sources */,
			);
			runOnlyForDeploymentPostprocessing = 0;
		};
/* End PBXSourcesBuildPhase section */

/* Begin PBXTargetDependency section */
		CEB9C8B824BD30D200219462 /* PBXTargetDependency */ = {
			isa = PBXTargetDependency;
			target = CEB9C89F24BD30D100219462 /* FoodTracker */;
			targetProxy = CEB9C8B724BD30D200219462 /* PBXContainerItemProxy */;
		};
		CEB9C8C324BD30D200219462 /* PBXTargetDependency */ = {
			isa = PBXTargetDependency;
			target = CEB9C89F24BD30D100219462 /* FoodTracker */;
			targetProxy = CEB9C8C224BD30D200219462 /* PBXContainerItemProxy */;
		};
/* End PBXTargetDependency section */

/* Begin PBXVariantGroup section */
		CEB9C8A924BD30D100219462 /* Main.storyboard */ = {
			isa = PBXVariantGroup;
			children = (
				CEB9C8AA24BD30D100219462 /* Base */,
			);
			name = Main.storyboard;
			sourceTree = "<group>";
		};
		CEB9C8AE24BD30D200219462 /* LaunchScreen.storyboard */ = {
			isa = PBXVariantGroup;
			children = (
				CEB9C8AF24BD30D200219462 /* Base */,
			);
			name = LaunchScreen.storyboard;
			sourceTree = "<group>";
		};
/* End PBXVariantGroup section */

/* Begin XCBuildConfiguration section */
		CEB9C8C824BD30D200219462 /* Debug */ = {
			isa = XCBuildConfiguration;
			buildSettings = {
				ALWAYS_SEARCH_USER_PATHS = NO;
				CLANG_ANALYZER_NONNULL = YES;
				CLANG_ANALYZER_NUMBER_OBJECT_CONVERSION = YES_AGGRESSIVE;
				CLANG_CXX_LANGUAGE_STANDARD = "gnu++14";
				CLANG_CXX_LIBRARY = "libc++";
				CLANG_ENABLE_MODULES = YES;
				CLANG_ENABLE_OBJC_ARC = YES;
				CLANG_ENABLE_OBJC_WEAK = YES;
				CLANG_WARN_BLOCK_CAPTURE_AUTORELEASING = YES;
				CLANG_WARN_BOOL_CONVERSION = YES;
				CLANG_WARN_COMMA = YES;
				CLANG_WARN_CONSTANT_CONVERSION = YES;
				CLANG_WARN_DEPRECATED_OBJC_IMPLEMENTATIONS = YES;
				CLANG_WARN_DIRECT_OBJC_ISA_USAGE = YES_ERROR;
				CLANG_WARN_DOCUMENTATION_COMMENTS = YES;
				CLANG_WARN_EMPTY_BODY = YES;
				CLANG_WARN_ENUM_CONVERSION = YES;
				CLANG_WARN_INFINITE_RECURSION = YES;
				CLANG_WARN_INT_CONVERSION = YES;
				CLANG_WARN_NON_LITERAL_NULL_CONVERSION = YES;
				CLANG_WARN_OBJC_IMPLICIT_RETAIN_SELF = YES;
				CLANG_WARN_OBJC_LITERAL_CONVERSION = YES;
				CLANG_WARN_OBJC_ROOT_CLASS = YES_ERROR;
				CLANG_WARN_RANGE_LOOP_ANALYSIS = YES;
				CLANG_WARN_STRICT_PROTOTYPES = YES;
				CLANG_WARN_SUSPICIOUS_MOVE = YES;
				CLANG_WARN_UNGUARDED_AVAILABILITY = YES_AGGRESSIVE;
				CLANG_WARN_UNREACHABLE_CODE = YES;
				CLANG_WARN__DUPLICATE_METHOD_MATCH = YES;
				COPY_PHASE_STRIP = NO;
				DEBUG_INFORMATION_FORMAT = dwarf;
				ENABLE_STRICT_OBJC_MSGSEND = YES;
				ENABLE_TESTABILITY = YES;
				GCC_C_LANGUAGE_STANDARD = gnu11;
				GCC_DYNAMIC_NO_PIC = NO;
				GCC_NO_COMMON_BLOCKS = YES;
				GCC_OPTIMIZATION_LEVEL = 0;
				GCC_PREPROCESSOR_DEFINITIONS = (
					"DEBUG=1",
					"$(inherited)",
				);
				GCC_WARN_64_TO_32_BIT_CONVERSION = YES;
				GCC_WARN_ABOUT_RETURN_TYPE = YES_ERROR;
				GCC_WARN_UNDECLARED_SELECTOR = YES;
				GCC_WARN_UNINITIALIZED_AUTOS = YES_AGGRESSIVE;
				GCC_WARN_UNUSED_FUNCTION = YES;
				GCC_WARN_UNUSED_VARIABLE = YES;
				IPHONEOS_DEPLOYMENT_TARGET = 13.2;
				MTL_ENABLE_DEBUG_INFO = INCLUDE_SOURCE;
				MTL_FAST_MATH = YES;
				ONLY_ACTIVE_ARCH = YES;
				SDKROOT = iphoneos;
				SWIFT_ACTIVE_COMPILATION_CONDITIONS = DEBUG;
				SWIFT_OPTIMIZATION_LEVEL = "-Onone";
			};
			name = Debug;
		};
		CEB9C8C924BD30D200219462 /* Release */ = {
			isa = XCBuildConfiguration;
			buildSettings = {
				ALWAYS_SEARCH_USER_PATHS = NO;
				CLANG_ANALYZER_NONNULL = YES;
				CLANG_ANALYZER_NUMBER_OBJECT_CONVERSION = YES_AGGRESSIVE;
				CLANG_CXX_LANGUAGE_STANDARD = "gnu++14";
				CLANG_CXX_LIBRARY = "libc++";
				CLANG_ENABLE_MODULES = YES;
				CLANG_ENABLE_OBJC_ARC = YES;
				CLANG_ENABLE_OBJC_WEAK = YES;
				CLANG_WARN_BLOCK_CAPTURE_AUTORELEASING = YES;
				CLANG_WARN_BOOL_CONVERSION = YES;
				CLANG_WARN_COMMA = YES;
				CLANG_WARN_CONSTANT_CONVERSION = YES;
				CLANG_WARN_DEPRECATED_OBJC_IMPLEMENTATIONS = YES;
				CLANG_WARN_DIRECT_OBJC_ISA_USAGE = YES_ERROR;
				CLANG_WARN_DOCUMENTATION_COMMENTS = YES;
				CLANG_WARN_EMPTY_BODY = YES;
				CLANG_WARN_ENUM_CONVERSION = YES;
				CLANG_WARN_INFINITE_RECURSION = YES;
				CLANG_WARN_INT_CONVERSION = YES;
				CLANG_WARN_NON_LITERAL_NULL_CONVERSION = YES;
				CLANG_WARN_OBJC_IMPLICIT_RETAIN_SELF = YES;
				CLANG_WARN_OBJC_LITERAL_CONVERSION = YES;
				CLANG_WARN_OBJC_ROOT_CLASS = YES_ERROR;
				CLANG_WARN_RANGE_LOOP_ANALYSIS = YES;
				CLANG_WARN_STRICT_PROTOTYPES = YES;
				CLANG_WARN_SUSPICIOUS_MOVE = YES;
				CLANG_WARN_UNGUARDED_AVAILABILITY = YES_AGGRESSIVE;
				CLANG_WARN_UNREACHABLE_CODE = YES;
				CLANG_WARN__DUPLICATE_METHOD_MATCH = YES;
				COPY_PHASE_STRIP = NO;
				DEBUG_INFORMATION_FORMAT = "dwarf-with-dsym";
				ENABLE_NS_ASSERTIONS = NO;
				ENABLE_STRICT_OBJC_MSGSEND = YES;
				GCC_C_LANGUAGE_STANDARD = gnu11;
				GCC_NO_COMMON_BLOCKS = YES;
				GCC_WARN_64_TO_32_BIT_CONVERSION = YES;
				GCC_WARN_ABOUT_RETURN_TYPE = YES_ERROR;
				GCC_WARN_UNDECLARED_SELECTOR = YES;
				GCC_WARN_UNINITIALIZED_AUTOS = YES_AGGRESSIVE;
				GCC_WARN_UNUSED_FUNCTION = YES;
				GCC_WARN_UNUSED_VARIABLE = YES;
				IPHONEOS_DEPLOYMENT_TARGET = 13.2;
				MTL_ENABLE_DEBUG_INFO = NO;
				MTL_FAST_MATH = YES;
				SDKROOT = iphoneos;
				SWIFT_COMPILATION_MODE = wholemodule;
				SWIFT_OPTIMIZATION_LEVEL = "-O";
				VALIDATE_PRODUCT = YES;
			};
			name = Release;
		};
		CEB9C8CB24BD30D200219462 /* Debug */ = {
			isa = XCBuildConfiguration;
			buildSettings = {
				ASSETCATALOG_COMPILER_APPICON_NAME = AppIcon;
				CODE_SIGN_STYLE = Automatic;
				INFOPLIST_FILE = FoodTracker/Info.plist;
				LD_RUNPATH_SEARCH_PATHS = (
					"$(inherited)",
					"@executable_path/Frameworks",
				);
				PRODUCT_BUNDLE_IDENTIFIER = daehyung.FoodTracker;
				PRODUCT_NAME = "$(TARGET_NAME)";
				SWIFT_VERSION = 5.0;
				TARGETED_DEVICE_FAMILY = "1,2";
			};
			name = Debug;
		};
		CEB9C8CC24BD30D200219462 /* Release */ = {
			isa = XCBuildConfiguration;
			buildSettings = {
				ASSETCATALOG_COMPILER_APPICON_NAME = AppIcon;
				CODE_SIGN_STYLE = Automatic;
				INFOPLIST_FILE = FoodTracker/Info.plist;
				LD_RUNPATH_SEARCH_PATHS = (
					"$(inherited)",
					"@executable_path/Frameworks",
				);
				PRODUCT_BUNDLE_IDENTIFIER = daehyung.FoodTracker;
				PRODUCT_NAME = "$(TARGET_NAME)";
				SWIFT_VERSION = 5.0;
				TARGETED_DEVICE_FAMILY = "1,2";
			};
			name = Release;
		};
		CEB9C8CE24BD30D200219462 /* Debug */ = {
			isa = XCBuildConfiguration;
			buildSettings = {
				ALWAYS_EMBED_SWIFT_STANDARD_LIBRARIES = YES;
				BUNDLE_LOADER = "$(TEST_HOST)";
				CODE_SIGN_STYLE = Automatic;
				INFOPLIST_FILE = FoodTrackerTests/Info.plist;
				IPHONEOS_DEPLOYMENT_TARGET = 13.2;
				LD_RUNPATH_SEARCH_PATHS = (
					"$(inherited)",
					"@executable_path/Frameworks",
					"@loader_path/Frameworks",
				);
				PRODUCT_BUNDLE_IDENTIFIER = daehyung.FoodTrackerTests;
				PRODUCT_NAME = "$(TARGET_NAME)";
				SWIFT_VERSION = 5.0;
				TARGETED_DEVICE_FAMILY = "1,2";
				TEST_HOST = "$(BUILT_PRODUCTS_DIR)/FoodTracker.app/FoodTracker";
			};
			name = Debug;
		};
		CEB9C8CF24BD30D200219462 /* Release */ = {
			isa = XCBuildConfiguration;
			buildSettings = {
				ALWAYS_EMBED_SWIFT_STANDARD_LIBRARIES = YES;
				BUNDLE_LOADER = "$(TEST_HOST)";
				CODE_SIGN_STYLE = Automatic;
				INFOPLIST_FILE = FoodTrackerTests/Info.plist;
				IPHONEOS_DEPLOYMENT_TARGET = 13.2;
				LD_RUNPATH_SEARCH_PATHS = (
					"$(inherited)",
					"@executable_path/Frameworks",
					"@loader_path/Frameworks",
				);
				PRODUCT_BUNDLE_IDENTIFIER = daehyung.FoodTrackerTests;
				PRODUCT_NAME = "$(TARGET_NAME)";
				SWIFT_VERSION = 5.0;
				TARGETED_DEVICE_FAMILY = "1,2";
				TEST_HOST = "$(BUILT_PRODUCTS_DIR)/FoodTracker.app/FoodTracker";
			};
			name = Release;
		};
		CEB9C8D124BD30D200219462 /* Debug */ = {
			isa = XCBuildConfiguration;
			buildSettings = {
				ALWAYS_EMBED_SWIFT_STANDARD_LIBRARIES = YES;
				CODE_SIGN_STYLE = Automatic;
				INFOPLIST_FILE = FoodTrackerUITests/Info.plist;
				LD_RUNPATH_SEARCH_PATHS = (
					"$(inherited)",
					"@executable_path/Frameworks",
					"@loader_path/Frameworks",
				);
				PRODUCT_BUNDLE_IDENTIFIER = daehyung.FoodTrackerUITests;
				PRODUCT_NAME = "$(TARGET_NAME)";
				SWIFT_VERSION = 5.0;
				TARGETED_DEVICE_FAMILY = "1,2";
				TEST_TARGET_NAME = FoodTracker;
			};
			name = Debug;
		};
		CEB9C8D224BD30D200219462 /* Release */ = {
			isa = XCBuildConfiguration;
			buildSettings = {
				ALWAYS_EMBED_SWIFT_STANDARD_LIBRARIES = YES;
				CODE_SIGN_STYLE = Automatic;
				INFOPLIST_FILE = FoodTrackerUITests/Info.plist;
				LD_RUNPATH_SEARCH_PATHS = (
					"$(inherited)",
					"@executable_path/Frameworks",
					"@loader_path/Frameworks",
				);
				PRODUCT_BUNDLE_IDENTIFIER = daehyung.FoodTrackerUITests;
				PRODUCT_NAME = "$(TARGET_NAME)";
				SWIFT_VERSION = 5.0;
				TARGETED_DEVICE_FAMILY = "1,2";
				TEST_TARGET_NAME = FoodTracker;
			};
			name = Release;
		};
/* End XCBuildConfiguration section */

/* Begin XCConfigurationList section */
		CEB9C89B24BD30D100219462 /* Build configuration list for PBXProject "FoodTracker" */ = {
			isa = XCConfigurationList;
			buildConfigurations = (
				CEB9C8C824BD30D200219462 /* Debug */,
				CEB9C8C924BD30D200219462 /* Release */,
			);
			defaultConfigurationIsVisible = 0;
			defaultConfigurationName = Release;
		};
		CEB9C8CA24BD30D200219462 /* Build configuration list for PBXNativeTarget "FoodTracker" */ = {
			isa = XCConfigurationList;
			buildConfigurations = (
				CEB9C8CB24BD30D200219462 /* Debug */,
				CEB9C8CC24BD30D200219462 /* Release */,
			);
			defaultConfigurationIsVisible = 0;
			defaultConfigurationName = Release;
		};
		CEB9C8CD24BD30D200219462 /* Build configuration list for PBXNativeTarget "FoodTrackerTests" */ = {
			isa = XCConfigurationList;
			buildConfigurations = (
				CEB9C8CE24BD30D200219462 /* Debug */,
				CEB9C8CF24BD30D200219462 /* Release */,
			);
			defaultConfigurationIsVisible = 0;
			defaultConfigurationName = Release;
		};
		CEB9C8D024BD30D200219462 /* Build configuration list for PBXNativeTarget "FoodTrackerUITests" */ = {
			isa = XCConfigurationList;
			buildConfigurations = (
				CEB9C8D124BD30D200219462 /* Debug */,
				CEB9C8D224BD30D200219462 /* Release */,
			);
			defaultConfigurationIsVisible = 0;
			defaultConfigurationName = Release;
		};
/* End XCConfigurationList section */

/* Begin XCVersionGroup section */
		CEB501D624C4723400DAF284 /* FoodTracker.xcdatamodeld */ = {
			isa = XCVersionGroup;
			children = (
				CEB501D724C4723400DAF284 /* FoodTracker.xcdatamodel */,
			);
			currentVersion = CEB501D724C4723400DAF284 /* FoodTracker.xcdatamodel */;
			path = FoodTracker.xcdatamodeld;
			sourceTree = "<group>";
			versionGroupType = wrapper.xcdatamodel;
		};
/* End XCVersionGroup section */
	};
	rootObject = CEB9C89824BD30D100219462 /* Project object */;
}
